
Microsoft Visual Studio Solution File, Format Version 12.00
# Visual Studio Version 17
VisualStudioVersion = 17.9.34723.18
MinimumVisualStudioVersion = 10.0.40219.1
Project("{2150E333-8FDC-42A3-9474-1A3956D46DE8}") = "src", "src", "{7ACE8E85-D6A6-414E-B93E-8DE5E4174270}"
EndProject
Project("{2150E333-8FDC-42A3-9474-1A3956D46DE8}") = "tests", "tests", "{A31350C3-06FD-4D9E-828E-248492F97DCD}"
EndProject
Project("{FAE04EC0-301F-11D3-BF4B-00C04F79EFBC}") = "MyVote.API", "MyVote.API\MyVote.API.csproj", "{539DC008-6BA7-48E1-9DB7-54ED323BC25A}"
EndProject
Project("{FAE04EC0-301F-11D3-BF4B-00C04F79EFBC}") = "MyVote.Application", "MyVote.Application\MyVote.Application.csproj", "{40868D92-1FBA-4BFE-8413-C02E7CC29064}"
EndProject
Project("{FAE04EC0-301F-11D3-BF4B-00C04F79EFBC}") = "MyVote.Core", "MyVote.Core\MyVote.Core.csproj", "{6D957830-332A-480A-BF70-89734B113C69}"
EndProject
Project("{FAE04EC0-301F-11D3-BF4B-00C04F79EFBC}") = "MyVote.Infrastructure", "MyVote.Infrastructure\MyVote.Infrastructure.csproj", "{E3FD2C5A-ADE0-4BE0-BA6D-8ACF6C02A679}"
EndProject
Project("{2150E333-8FDC-42A3-9474-1A3956D46DE8}") = "Solution Items", "Solution Items", "{60BB2370-858C-48F7-8066-692F309E4352}"
	ProjectSection(SolutionItems) = preProject
		docker-compose.yml = docker-compose.yml
	EndProjectSection
EndProject
Global
	GlobalSection(SolutionConfigurationPlatforms) = preSolution
		Debug|Any CPU = Debug|Any CPU
		Release|Any CPU = Release|Any CPU
	EndGlobalSection
	GlobalSection(ProjectConfigurationPlatforms) = postSolution
		{539DC008-6BA7-48E1-9DB7-54ED323BC25A}.Debug|Any CPU.ActiveCfg = Debug|Any CPU
		{539DC008-6BA7-48E1-9DB7-54ED323BC25A}.Debug|Any CPU.Build.0 = Debug|Any CPU
		{539DC008-6BA7-48E1-9DB7-54ED323BC25A}.Release|Any CPU.ActiveCfg = Release|Any CPU
		{539DC008-6BA7-48E1-9DB7-54ED323BC25A}.Release|Any CPU.Build.0 = Release|Any CPU
		{40868D92-1FBA-4BFE-8413-C02E7CC29064}.Debug|Any CPU.ActiveCfg = Debug|Any CPU
		{40868D92-1FBA-4BFE-8413-C02E7CC29064}.Debug|Any CPU.Build.0 = Debug|Any CPU
		{40868D92-1FBA-4BFE-8413-C02E7CC29064}.Release|Any CPU.ActiveCfg = Release|Any CPU
		{40868D92-1FBA-4BFE-8413-C02E7CC29064}.Release|Any CPU.Build.0 = Release|Any CPU
		{6D957830-332A-480A-BF70-89734B113C69}.Debug|Any CPU.ActiveCfg = Debug|Any CPU
		{6D957830-332A-480A-BF70-89734B113C69}.Debug|Any CPU.Build.0 = Debug|Any CPU
		{6D957830-332A-480A-BF70-89734B113C69}.Release|Any CPU.ActiveCfg = Release|Any CPU
		{6D957830-332A-480A-BF70-89734B113C69}.Release|Any CPU.Build.0 = Release|Any CPU
		{E3FD2C5A-ADE0-4BE0-BA6D-8ACF6C02A679}.Debug|Any CPU.ActiveCfg = Debug|Any CPU
		{E3FD2C5A-ADE0-4BE0-BA6D-8ACF6C02A679}.Debug|Any CPU.Build.0 = Debug|Any CPU
		{E3FD2C5A-ADE0-4BE0-BA6D-8ACF6C02A679}.Release|Any CPU.ActiveCfg = Release|Any CPU
		{E3FD2C5A-ADE0-4BE0-BA6D-8ACF6C02A679}.Release|Any CPU.Build.0 = Release|Any CPU
	EndGlobalSection
	GlobalSection(SolutionProperties) = preSolution
		HideSolutionNode = FALSE
	EndGlobalSection
	GlobalSection(NestedProjects) = preSolution
		{539DC008-6BA7-48E1-9DB7-54ED323BC25A} = {7ACE8E85-D6A6-414E-B93E-8DE5E4174270}
		{40868D92-1FBA-4BFE-8413-C02E7CC29064} = {7ACE8E85-D6A6-414E-B93E-8DE5E4174270}
		{6D957830-332A-480A-BF70-89734B113C69} = {7ACE8E85-D6A6-414E-B93E-8DE5E4174270}
		{E3FD2C5A-ADE0-4BE0-BA6D-8ACF6C02A679} = {7ACE8E85-D6A6-414E-B93E-8DE5E4174270}
	EndGlobalSection
	GlobalSection(ExtensibilityGlobals) = postSolution
		SolutionGuid = {0307D479-E7C1-4418-B268-35842D3ECFBF}
	EndGlobalSection
EndGlobal
